Microsoft Visual Studio Solution File, Format Version 12.00
# Visual Studio Version 17
VisualStudioVersion = 17.5.2.0
MinimumVisualStudioVersion = 10.0.40219.1
Project("{FAE04EC0-301F-11D3-BF4B-00C04F79EFBC}") = "1045-final-project", "1045-final-project.csproj", "{75C42BC6-E26A-3587-7FF2-96C5B17369AB}"
EndProject
Global
	GlobalSection(SolutionConfigurationPlatforms) = preSolution
		Debug|Any CPU = Debug|Any CPU
		Release|Any CPU = Release|Any CPU
	EndGlobalSection
	GlobalSection(ProjectConfigurationPlatforms) = postSolution
		{75C42BC6-E26A-3587-7FF2-96C5B17369AB}.Debug|Any CPU.ActiveCfg = Debug|Any CPU
		{75C42BC6-E26A-3587-7FF2-96C5B17369AB}.Debug|Any CPU.Build.0 = Debug|Any CPU
		{75C42BC6-E26A-3587-7FF2-96C5B17369AB}.Release|Any CPU.ActiveCfg = Release|Any CPU
		{75C42BC6-E26A-3587-7FF2-96C5B17369AB}.Release|Any CPU.Build.0 = Release|Any CPU
	EndGlobalSection
	GlobalSection(SolutionProperties) = preSolution
		HideSolutionNode = FALSE
	EndGlobalSection
	GlobalSection(ExtensibilityGlobals) = postSolution
		SolutionGuid = {D930938A-3A77-465E-B291-274526FD4656}
	EndGlobalSection
EndGlobal
